<?xml version="1.0" encoding="utf-8"?>
<Project ToolsVersion="4.0" xmlns="http://schemas.microsoft.com/developer/msbuild/2003">
  <ItemGroup>
    <Filter Include="Source Files">
      <UniqueIdentifier>{34eb6fa0-fa82-4cd3-8c3d-2f228ff9cb8a}</UniqueIdentifier>
      <Extensions>cpp;c;cxx;rc;def;r;odl;idl;hpj;bat</Extensions>
    </Filter>
    <Filter Include="Header Files">
      <UniqueIdentifier>{6e5f9c75-dfaa-406a-9847-103177298a85}</UniqueIdentifier>
      <Extensions>h;hpp;hxx;hm;inl</Extensions>
    </Filter>
    <Filter Include="Resource Files">
      <UniqueIdentifier>{f0658cc1-d242-4647-bba5-9a8cb5d6aa41}</UniqueIdentifier>
      <Extensions>ico;cur;bmp;dlg;rc2;rct;bin;rgs;gif;jpg;jpeg;jpe</Extensions>
    </Filter>
  </ItemGroup>
  <ItemGroup>
    <ClCompile Include="ChatServer.cpp">
      <Filter>Source Files</Filter>
    </ClCompile>
    <ClCompile Include="ChatServerDlg.cpp">
      <Filter>Source Files</Filter>
    </ClCompile>
    <ClCompile Include="OXTaskbarIcon.cpp">
      <Filter>Source Files</Filter>
    </ClCompile>
    <ClCompile Include="StdAfx.cpp">
      <Filter>Source Files</Filter>
    </ClCompile>
    <ClCompile Include="TaskIcon.cpp">
      <Filter>Source Files</Filter>
    </ClCompile>
    <ClCompile Include="..\socket\TSocket.cpp">
      <Filter>Source Files</Filter>
    </ClCompile>
  </ItemGroup>
  <ItemGroup>
    <ResourceCompile Include="ChatServer.rc">
      <Filter>Source Files</Filter>
    </ResourceCompile>
  </ItemGroup>
  <ItemGroup>
    <ClInclude Include="ChatServer.h">
      <Filter>Header Files</Filter>
    </ClInclude>
    <ClInclude Include="ChatServerDlg.h">
      <Filter>Header Files</Filter>
    </ClInclude>
    <ClInclude Include="OXTaskbarIcon.h">
      <Filter>Header Files</Filter>
    </ClInclude>
    <ClInclude Include="Resource.h">
      <Filter>Header Files</Filter>
    </ClInclude>
    <ClInclude Include="StdAfx.h">
      <Filter>Header Files</Filter>
    </ClInclude>
    <ClInclude Include="TaskIcon.h">
      <Filter>Header Files</Filter>
    </ClInclude>
    <ClInclude Include="..\socket\TSocket.h">
      <Filter>Header Files</Filter>
    </ClInclude>
    <ClInclude Include="..\socket\Utils.h">
      <Filter>Header Files</Filter>
    </ClInclude>
  </ItemGroup>
  <ItemGroup>
    <Image Include="res\ChatServer.ico">
      <Filter>Resource Files</Filter>
    </Image>
    <Image Include="res\DOLLAR.ICO">
      <Filter>Resource Files</Filter>
    </Image>
  </ItemGroup>
  <ItemGroup>
    <Text Include="ReadMe.txt" />
  </ItemGroup>
  <ItemGroup>
    <CustomBuild Include="OXTaskbarIcon.inl">
      <Filter>Header Files</Filter>
    </CustomBuild>
    <CustomBuild Include="res\ChatServer.rc2">
      <Filter>Resource Files</Filter>
    </CustomBuild>
  </ItemGroup>
</Project>